
Microsoft Visual Studio Solution File, Format Version 12.00
# Visual Studio Version 17
VisualStudioVersion = 17.3.32819.101
MinimumVisualStudioVersion = 10.0.40219.1
Project("{FAE04EC0-301F-11D3-BF4B-00C04F79EFBC}") = "WinFormsApp1", "WinFormsApp1\WinFormsApp1.csproj", "{DFC58E1B-C95E-4496-AB4B-1C1D4ABC6292}"
EndProject
Global
	GlobalSection(SolutionConfigurationPlatforms) = preSolution
		Debug|Any CPU = Debug|Any CPU
		Release|Any CPU = Release|Any CPU
	EndGlobalSection
	GlobalSection(ProjectConfigurationPlatforms) = postSolution
		{DFC58E1B-C95E-4496-AB4B-1C1D4ABC6292}.Debug|Any CPU.ActiveCfg = Debug|Any CPU
		{DFC58E1B-C95E-4496-AB4B-1C1D4ABC6292}.Debug|Any CPU.Build.0 = Debug|Any CPU
		{DFC58E1B-C95E-4496-AB4B-1C1D4ABC6292}.Release|Any CPU.ActiveCfg = Release|Any CPU
		{DFC58E1B-C95E-4496-AB4B-1C1D4ABC6292}.Release|Any CPU.Build.0 = Release|Any CPU
	EndGlobalSection
	GlobalSection(SolutionProperties) = preSolution
		HideSolutionNode = FALSE
	EndGlobalSection
	GlobalSection(ExtensibilityGlobals) = postSolution
		SolutionGuid = {80DBE3DC-7547-49DF-B455-DF1895698809}
	EndGlobalSection
EndGlobal
